// !$*UTF8*$!
{
	archiveVersion = 1;
	classes = {
	};
	objectVersion = 46;
	objects = {

/* Begin PBXBuildFile section */
		AAEBD8A81D3EFBD600FDA2D6 /* main.m in Sources */ = {isa = PBXBuildFile; fileRef = AAEBD8A71D3EFBD600FDA2D6 /* main.m */; };
		AAEBD8AB1D3EFBD600FDA2D6 /* AppDelegate.m in Sources */ = {isa = PBXBuildFile; fileRef = AAEBD8AA1D3EFBD600FDA2D6 /* AppDelegate.m */; };
		AAEBD8AE1D3EFBD600FDA2D6 /* Start.m in Sources */ = {isa = PBXBuildFile; fileRef = AAEBD8AD1D3EFBD600FDA2D6 /* Start.m */; };
		AAEBD8B11D3EFBD600FDA2D6 /* Main.storyboard in Resources */ = {isa = PBXBuildFile; fileRef = AAEBD8AF1D3EFBD600FDA2D6 /* Main.storyboard */; };
		AAEBD8B41D3EFBD600FDA2D6 /* WebServicesExample.xcdatamodeld in Sources */ = {isa = PBXBuildFile; fileRef = AAEBD8B21D3EFBD600FDA2D6 /* WebServicesExample.xcdatamodeld */; };
		AAEBD8B61D3EFBD600FDA2D6 /* Assets.xcassets in Resources */ = {isa = PBXBuildFile; fileRef = AAEBD8B51D3EFBD600FDA2D6 /* Assets.xcassets */; };
		AAEBD8B91D3EFBD600FDA2D6 /* LaunchScreen.storyboard in Resources */ = {isa = PBXBuildFile; fileRef = AAEBD8B71D3EFBD600FDA2D6 /* LaunchScreen.storyboard */; };
		AAEBD8DD1D3EFFA500FDA2D6 /* NSDictionary+ObjectMapper.m in Sources */ = {isa = PBXBuildFile; fileRef = AAEBD8C61D3EFFA500FDA2D6 /* NSDictionary+ObjectMapper.m */; };
		AAEBD8DE1D3EFFA500FDA2D6 /* NSObject+ObjectMapper.m in Sources */ = {isa = PBXBuildFile; fileRef = AAEBD8C81D3EFFA500FDA2D6 /* NSObject+ObjectMapper.m */; };
		AAEBD8DF1D3EFFA500FDA2D6 /* ManagedObjectInstanceProvider.m in Sources */ = {isa = PBXBuildFile; fileRef = AAEBD8CC1D3EFFA500FDA2D6 /* ManagedObjectInstanceProvider.m */; };
		AAEBD8E01D3EFFA500FDA2D6 /* ObjectInstanceProvider.m in Sources */ = {isa = PBXBuildFile; fileRef = AAEBD8CE1D3EFFA500FDA2D6 /* ObjectInstanceProvider.m */; };
		AAEBD8E11D3EFFA500FDA2D6 /* CommonLoggingProvider.m in Sources */ = {isa = PBXBuildFile; fileRef = AAEBD8D11D3EFFA500FDA2D6 /* CommonLoggingProvider.m */; };
		AAEBD8E21D3EFFA500FDA2D6 /* InCodeMappingProvider.m in Sources */ = {isa = PBXBuildFile; fileRef = AAEBD8D61D3EFFA500FDA2D6 /* InCodeMappingProvider.m */; };
		AAEBD8E31D3EFFA500FDA2D6 /* ObjectMapper.m in Sources */ = {isa = PBXBuildFile; fileRef = AAEBD8D91D3EFFA500FDA2D6 /* ObjectMapper.m */; };
		AAEBD8E41D3EFFA500FDA2D6 /* ObjectMappingInfo.m in Sources */ = {isa = PBXBuildFile; fileRef = AAEBD8DB1D3EFFA500FDA2D6 /* ObjectMappingInfo.m */; };
		AAEBD8E71D3F018100FDA2D6 /* Declarations.m in Sources */ = {isa = PBXBuildFile; fileRef = AAEBD8E61D3F018100FDA2D6 /* Declarations.m */; };
		AAEBD8EA1D3F019300FDA2D6 /* WebServices.m in Sources */ = {isa = PBXBuildFile; fileRef = AAEBD8E91D3F019300FDA2D6 /* WebServices.m */; };
		AAEBD8ED1D3F019C00FDA2D6 /* Parser.m in Sources */ = {isa = PBXBuildFile; fileRef = AAEBD8EC1D3F019C00FDA2D6 /* Parser.m */; };
		AAEBD8F01D3F01C400FDA2D6 /* OCMapperConfig.m in Sources */ = {isa = PBXBuildFile; fileRef = AAEBD8EF1D3F01C400FDA2D6 /* OCMapperConfig.m */; };
/* End PBXBuildFile section */

/* Begin PBXFileReference section */
		AAEBD8A31D3EFBD600FDA2D6 /* WebServicesExample.app */ = {isa = PBXFileReference; explicitFileType = wrapper.application; includeInIndex = 0; path = WebServicesExample.app; sourceTree = BUILT_PRODUCTS_DIR; };
		AAEBD8A71D3EFBD600FDA2D6 /* main.m */ = {isa = PBXFileReference; lastKnownFileType = sourcecode.c.objc; path = main.m; sourceTree = "<group>"; };
		AAEBD8A91D3EFBD600FDA2D6 /* AppDelegate.h */ = {isa = PBXFileReference; lastKnownFileType = sourcecode.c.h; path = AppDelegate.h; sourceTree = "<group>"; };
		AAEBD8AA1D3EFBD600FDA2D6 /* AppDelegate.m */ = {isa = PBXFileReference; lastKnownFileType = sourcecode.c.objc; path = AppDelegate.m; sourceTree = "<group>"; };
		AAEBD8AC1D3EFBD600FDA2D6 /* Start.h */ = {isa = PBXFileReference; lastKnownFileType = sourcecode.c.h; path = Start.h; sourceTree = "<group>"; };
		AAEBD8AD1D3EFBD600FDA2D6 /* Start.m */ = {isa = PBXFileReference; lastKnownFileType = sourcecode.c.objc; path = Start.m; sourceTree = "<group>"; };
		AAEBD8B01D3EFBD600FDA2D6 /* Base */ = {isa = PBXFileReference; lastKnownFileType = file.storyboard; name = Base; path = Base.lproj/Main.storyboard; sourceTree = "<group>"; };
		AAEBD8B31D3EFBD600FDA2D6 /* WebServicesExample.xcdatamodel */ = {isa = PBXFileReference; lastKnownFileType = wrapper.xcdatamodel; path = WebServicesExample.xcdatamodel; sourceTree = "<group>"; };
		AAEBD8B51D3EFBD600FDA2D6 /* Assets.xcassets */ = {isa = PBXFileReference; lastKnownFileType = folder.assetcatalog; path = Assets.xcassets; sourceTree = "<group>"; };
		AAEBD8B81D3EFBD600FDA2D6 /* Base */ = {isa = PBXFileReference; lastKnownFileType = file.storyboard; name = Base; path = Base.lproj/LaunchScreen.storyboard; sourceTree = "<group>"; };
		AAEBD8BA1D3EFBD600FDA2D6 /* Info.plist */ = {isa = PBXFileReference; lastKnownFileType = text.plist.xml; path = Info.plist; sourceTree = "<group>"; };
		AAEBD8C51D3EFFA500FDA2D6 /* NSDictionary+ObjectMapper.h */ = {isa = PBXFileReference; fileEncoding = 4; lastKnownFileType = sourcecode.c.h; path = "NSDictionary+ObjectMapper.h"; sourceTree = "<group>"; };
		AAEBD8C61D3EFFA500FDA2D6 /* NSDictionary+ObjectMapper.m */ = {isa = PBXFileReference; fileEncoding = 4; lastKnownFileType = sourcecode.c.objc; path = "NSDictionary+ObjectMapper.m"; sourceTree = "<group>"; };
		AAEBD8C71D3EFFA500FDA2D6 /* NSObject+ObjectMapper.h */ = {isa = PBXFileReference; fileEncoding = 4; lastKnownFileType = sourcecode.c.h; path = "NSObject+ObjectMapper.h"; sourceTree = "<group>"; };
		AAEBD8C81D3EFFA500FDA2D6 /* NSObject+ObjectMapper.m */ = {isa = PBXFileReference; fileEncoding = 4; lastKnownFileType = sourcecode.c.objc; path = "NSObject+ObjectMapper.m"; sourceTree = "<group>"; };
		AAEBD8CA1D3EFFA500FDA2D6 /* InstanceProvider.h */ = {isa = PBXFileReference; fileEncoding = 4; lastKnownFileType = sourcecode.c.h; path = InstanceProvider.h; sourceTree = "<group>"; };
		AAEBD8CB1D3EFFA500FDA2D6 /* ManagedObjectInstanceProvider.h */ = {isa = PBXFileReference; fileEncoding = 4; lastKnownFileType = sourcecode.c.h; path = ManagedObjectInstanceProvider.h; sourceTree = "<group>"; };
		AAEBD8CC1D3EFFA500FDA2D6 /* ManagedObjectInstanceProvider.m */ = {isa = PBXFileReference; fileEncoding = 4; lastKnownFileType = sourcecode.c.objc; path = ManagedObjectInstanceProvider.m; sourceTree = "<group>"; };
		AAEBD8CD1D3EFFA500FDA2D6 /* ObjectInstanceProvider.h */ = {isa = PBXFileReference; fileEncoding = 4; lastKnownFileType = sourcecode.c.h; path = ObjectInstanceProvider.h; sourceTree = "<group>"; };
		AAEBD8CE1D3EFFA500FDA2D6 /* ObjectInstanceProvider.m */ = {isa = PBXFileReference; fileEncoding = 4; lastKnownFileType = sourcecode.c.objc; path = ObjectInstanceProvider.m; sourceTree = "<group>"; };
		AAEBD8D01D3EFFA500FDA2D6 /* CommonLoggingProvider.h */ = {isa = PBXFileReference; fileEncoding = 4; lastKnownFileType = sourcecode.c.h; path = CommonLoggingProvider.h; sourceTree = "<group>"; };
		AAEBD8D11D3EFFA500FDA2D6 /* CommonLoggingProvider.m */ = {isa = PBXFileReference; fileEncoding = 4; lastKnownFileType = sourcecode.c.objc; path = CommonLoggingProvider.m; sourceTree = "<group>"; };
		AAEBD8D21D3EFFA500FDA2D6 /* LoggingProvider.h */ = {isa = PBXFileReference; fileEncoding = 4; lastKnownFileType = sourcecode.c.h; path = LoggingProvider.h; sourceTree = "<group>"; };
		AAEBD8D51D3EFFA500FDA2D6 /* InCodeMappingProvider.h */ = {isa = PBXFileReference; fileEncoding = 4; lastKnownFileType = sourcecode.c.h; path = InCodeMappingProvider.h; sourceTree = "<group>"; };
		AAEBD8D61D3EFFA500FDA2D6 /* InCodeMappingProvider.m */ = {isa = PBXFileReference; fileEncoding = 4; lastKnownFileType = sourcecode.c.objc; path = InCodeMappingProvider.m; sourceTree = "<group>"; };
		AAEBD8D71D3EFFA500FDA2D6 /* MappingProvider.h */ = {isa = PBXFileReference; fileEncoding = 4; lastKnownFileType = sourcecode.c.h; path = MappingProvider.h; sourceTree = "<group>"; };
		AAEBD8D81D3EFFA500FDA2D6 /* ObjectMapper.h */ = {isa = PBXFileReference; fileEncoding = 4; lastKnownFileType = sourcecode.c.h; path = ObjectMapper.h; sourceTree = "<group>"; };
		AAEBD8D91D3EFFA500FDA2D6 /* ObjectMapper.m */ = {isa = PBXFileReference; fileEncoding = 4; lastKnownFileType = sourcecode.c.objc; path = ObjectMapper.m; sourceTree = "<group>"; };
		AAEBD8DA1D3EFFA500FDA2D6 /* ObjectMappingInfo.h */ = {isa = PBXFileReference; fileEncoding = 4; lastKnownFileType = sourcecode.c.h; path = ObjectMappingInfo.h; sourceTree = "<group>"; };
		AAEBD8DB1D3EFFA500FDA2D6 /* ObjectMappingInfo.m */ = {isa = PBXFileReference; fileEncoding = 4; lastKnownFileType = sourcecode.c.objc; path = ObjectMappingInfo.m; sourceTree = "<group>"; };
		AAEBD8DC1D3EFFA500FDA2D6 /* OCMapper.h */ = {isa = PBXFileReference; fileEncoding = 4; lastKnownFileType = sourcecode.c.h; path = OCMapper.h; sourceTree = "<group>"; };
		AAEBD8E51D3F018100FDA2D6 /* Declarations.h */ = {isa = PBXFileReference; fileEncoding = 4; lastKnownFileType = sourcecode.c.h; path = Declarations.h; sourceTree = "<group>"; };
		AAEBD8E61D3F018100FDA2D6 /* Declarations.m */ = {isa = PBXFileReference; fileEncoding = 4; lastKnownFileType = sourcecode.c.objc; path = Declarations.m; sourceTree = "<group>"; };
		AAEBD8E81D3F019300FDA2D6 /* WebServices.h */ = {isa = PBXFileReference; fileEncoding = 4; lastKnownFileType = sourcecode.c.h; path = WebServices.h; sourceTree = "<group>"; };
		AAEBD8E91D3F019300FDA2D6 /* WebServices.m */ = {isa = PBXFileReference; fileEncoding = 4; lastKnownFileType = sourcecode.c.objc; path = WebServices.m; sourceTree = "<group>"; };
		AAEBD8EB1D3F019C00FDA2D6 /* Parser.h */ = {isa = PBXFileReference; fileEncoding = 4; lastKnownFileType = sourcecode.c.h; path = Parser.h; sourceTree = "<group>"; };
		AAEBD8EC1D3F019C00FDA2D6 /* Parser.m */ = {isa = PBXFileReference; fileEncoding = 4; lastKnownFileType = sourcecode.c.objc; path = Parser.m; sourceTree = "<group>"; };
		AAEBD8EE1D3F01C400FDA2D6 /* OCMapperConfig.h */ = {isa = PBXFileReference; fileEncoding = 4; lastKnownFileType = sourcecode.c.h; path = OCMapperConfig.h; sourceTree = "<group>"; };
		AAEBD8EF1D3F01C400FDA2D6 /* OCMapperConfig.m */ = {isa = PBXFileReference; fileEncoding = 4; lastKnownFileType = sourcecode.c.objc; path = OCMapperConfig.m; sourceTree = "<group>"; };
/* End PBXFileReference section */

/* Begin PBXFrameworksBuildPhase section */
		AAEBD8A01D3EFBD600FDA2D6 /* Frameworks */ = {
			isa = PBXFrameworksBuildPhase;
			buildActionMask = 2147483647;
			files = (
			);
			runOnlyForDeploymentPostprocessing = 0;
		};
/* End PBXFrameworksBuildPhase section */

/* Begin PBXGroup section */
		AAEBD89A1D3EFBD600FDA2D6 = {
			isa = PBXGroup;
			children = (
				AAEBD8A51D3EFBD600FDA2D6 /* WebServicesExample */,
				AAEBD8A41D3EFBD600FDA2D6 /* Products */,
			);
			sourceTree = "<group>";
		};
		AAEBD8A41D3EFBD600FDA2D6 /* Products */ = {
			isa = PBXGroup;
			children = (
				AAEBD8A31D3EFBD600FDA2D6 /* WebServicesExample.app */,
			);
			name = Products;
			sourceTree = "<group>";
		};
		AAEBD8A51D3EFBD600FDA2D6 /* WebServicesExample */ = {
			isa = PBXGroup;
			children = (
				AAEBD8C21D3EFF4400FDA2D6 /* Classes */,
				AAEBD8C11D3EFBF900FDA2D6 /* Controllers */,
				AAEBD8C01D3EFBF300FDA2D6 /* Main */,
				AAEBD8AF1D3EFBD600FDA2D6 /* Main.storyboard */,
				AAEBD8B51D3EFBD600FDA2D6 /* Assets.xcassets */,
				AAEBD8B71D3EFBD600FDA2D6 /* LaunchScreen.storyboard */,
				AAEBD8BA1D3EFBD600FDA2D6 /* Info.plist */,
				AAEBD8B21D3EFBD600FDA2D6 /* WebServicesExample.xcdatamodeld */,
				AAEBD8A61D3EFBD600FDA2D6 /* Supporting Files */,
			);
			path = WebServicesExample;
			sourceTree = "<group>";
		};
		AAEBD8A61D3EFBD600FDA2D6 /* Supporting Files */ = {
			isa = PBXGroup;
			children = (
				AAEBD8A71D3EFBD600FDA2D6 /* main.m */,
			);
			name = "Supporting Files";
			sourceTree = "<group>";
		};
		AAEBD8C01D3EFBF300FDA2D6 /* Main */ = {
			isa = PBXGroup;
			children = (
				AAEBD8A91D3EFBD600FDA2D6 /* AppDelegate.h */,
				AAEBD8AA1D3EFBD600FDA2D6 /* AppDelegate.m */,
				AAEBD8E51D3F018100FDA2D6 /* Declarations.h */,
				AAEBD8E61D3F018100FDA2D6 /* Declarations.m */,
				AAEBD8E81D3F019300FDA2D6 /* WebServices.h */,
				AAEBD8E91D3F019300FDA2D6 /* WebServices.m */,
				AAEBD8EB1D3F019C00FDA2D6 /* Parser.h */,
				AAEBD8EC1D3F019C00FDA2D6 /* Parser.m */,
				AAEBD8EE1D3F01C400FDA2D6 /* OCMapperConfig.h */,
				AAEBD8EF1D3F01C400FDA2D6 /* OCMapperConfig.m */,
			);
			name = Main;
			sourceTree = "<group>";
		};
		AAEBD8C11D3EFBF900FDA2D6 /* Controllers */ = {
			isa = PBXGroup;
			children = (
				AAEBD8AC1D3EFBD600FDA2D6 /* Start.h */,
				AAEBD8AD1D3EFBD600FDA2D6 /* Start.m */,
			);
			name = Controllers;
			sourceTree = "<group>";
		};
		AAEBD8C21D3EFF4400FDA2D6 /* Classes */ = {
			isa = PBXGroup;
			children = (
				AAEBD8C31D3EFFA500FDA2D6 /* ocmapper */,
			);
			name = Classes;
			sourceTree = "<group>";
		};
		AAEBD8C31D3EFFA500FDA2D6 /* ocmapper */ = {
			isa = PBXGroup;
			children = (
				AAEBD8C41D3EFFA500FDA2D6 /* Categories */,
				AAEBD8C91D3EFFA500FDA2D6 /* Instance Provider */,
				AAEBD8CF1D3EFFA500FDA2D6 /* Logging Provider */,
				AAEBD8D31D3EFFA500FDA2D6 /* Mapping Provider */,
				AAEBD8D81D3EFFA500FDA2D6 /* ObjectMapper.h */,
				AAEBD8D91D3EFFA500FDA2D6 /* ObjectMapper.m */,
				AAEBD8DA1D3EFFA500FDA2D6 /* ObjectMappingInfo.h */,
				AAEBD8DB1D3EFFA500FDA2D6 /* ObjectMappingInfo.m */,
				AAEBD8DC1D3EFFA500FDA2D6 /* OCMapper.h */,
			);
			path = ocmapper;
			sourceTree = "<group>";
		};
		AAEBD8C41D3EFFA500FDA2D6 /* Categories */ = {
			isa = PBXGroup;
			children = (
				AAEBD8C51D3EFFA500FDA2D6 /* NSDictionary+ObjectMapper.h */,
				AAEBD8C61D3EFFA500FDA2D6 /* NSDictionary+ObjectMapper.m */,
				AAEBD8C71D3EFFA500FDA2D6 /* NSObject+ObjectMapper.h */,
				AAEBD8C81D3EFFA500FDA2D6 /* NSObject+ObjectMapper.m */,
			);
			path = Categories;
			sourceTree = "<group>";
		};
		AAEBD8C91D3EFFA500FDA2D6 /* Instance Provider */ = {
			isa = PBXGroup;
			children = (
				AAEBD8CA1D3EFFA500FDA2D6 /* InstanceProvider.h */,
				AAEBD8CB1D3EFFA500FDA2D6 /* ManagedObjectInstanceProvider.h */,
				AAEBD8CC1D3EFFA500FDA2D6 /* ManagedObjectInstanceProvider.m */,
				AAEBD8CD1D3EFFA500FDA2D6 /* ObjectInstanceProvider.h */,
				AAEBD8CE1D3EFFA500FDA2D6 /* ObjectInstanceProvider.m */,
			);
			path = "Instance Provider";
			sourceTree = "<group>";
		};
		AAEBD8CF1D3EFFA500FDA2D6 /* Logging Provider */ = {
			isa = PBXGroup;
			children = (
				AAEBD8D01D3EFFA500FDA2D6 /* CommonLoggingProvider.h */,
				AAEBD8D11D3EFFA500FDA2D6 /* CommonLoggingProvider.m */,
				AAEBD8D21D3EFFA500FDA2D6 /* LoggingProvider.h */,
			);
			path = "Logging Provider";
			sourceTree = "<group>";
		};
		AAEBD8D31D3EFFA500FDA2D6 /* Mapping Provider */ = {
			isa = PBXGroup;
			children = (
				AAEBD8D41D3EFFA500FDA2D6 /* In Code Mapping */,
				AAEBD8D71D3EFFA500FDA2D6 /* MappingProvider.h */,
			);
			path = "Mapping Provider";
			sourceTree = "<group>";
		};
		AAEBD8D41D3EFFA500FDA2D6 /* In Code Mapping */ = {
			isa = PBXGroup;
			children = (
				AAEBD8D51D3EFFA500FDA2D6 /* InCodeMappingProvider.h */,
				AAEBD8D61D3EFFA500FDA2D6 /* InCodeMappingProvider.m */,
			);
			path = "In Code Mapping";
			sourceTree = "<group>";
		};
/* End PBXGroup section */

/* Begin PBXNativeTarget section */
		AAEBD8A21D3EFBD600FDA2D6 /* WebServicesExample */ = {
			isa = PBXNativeTarget;
			buildConfigurationList = AAEBD8BD1D3EFBD600FDA2D6 /* Build configuration list for PBXNativeTarget "WebServicesExample" */;
			buildPhases = (
				AAEBD89F1D3EFBD600FDA2D6 /* Sources */,
				AAEBD8A01D3EFBD600FDA2D6 /* Frameworks */,
				AAEBD8A11D3EFBD600FDA2D6 /* Resources */,
			);
			buildRules = (
			);
			dependencies = (
			);
			name = WebServicesExample;
			productName = WebServicesExample;
			productReference = AAEBD8A31D3EFBD600FDA2D6 /* WebServicesExample.app */;
			productType = "com.apple.product-type.application";
		};
/* End PBXNativeTarget section */

/* Begin PBXProject section */
		AAEBD89B1D3EFBD600FDA2D6 /* Project object */ = {
			isa = PBXProject;
			attributes = {
				LastUpgradeCheck = 0730;
				ORGANIZATIONNAME = "Christian Barragan";
				TargetAttributes = {
					AAEBD8A21D3EFBD600FDA2D6 = {
						CreatedOnToolsVersion = 7.3.1;
					};
				};
			};
			buildConfigurationList = AAEBD89E1D3EFBD600FDA2D6 /* Build configuration list for PBXProject "WebServicesExample" */;
			compatibilityVersion = "Xcode 3.2";
			developmentRegion = English;
			hasScannedForEncodings = 0;
			knownRegions = (
				en,
				Base,
			);
			mainGroup = AAEBD89A1D3EFBD600FDA2D6;
			productRefGroup = AAEBD8A41D3EFBD600FDA2D6 /* Products */;
			projectDirPath = "";
			projectRoot = "";
			targets = (
				AAEBD8A21D3EFBD600FDA2D6 /* WebServicesExample */,
			);
		};
/* End PBXProject section */

/* Begin PBXResourcesBuildPhase section */
		AAEBD8A11D3EFBD600FDA2D6 /* Resources */ = {
			isa = PBXResourcesBuildPhase;
			buildActionMask = 2147483647;
			files = (
				AAEBD8B91D3EFBD600FDA2D6 /* LaunchScreen.storyboard in Resources */,
				AAEBD8B61D3EFBD600FDA2D6 /* Assets.xcassets in Resources */,
				AAEBD8B11D3EFBD600FDA2D6 /* Main.storyboard in Resources */,
			);
			runOnlyForDeploymentPostprocessing = 0;
		};
/* End PBXResourcesBuildPhase section */

/* Begin PBXSourcesBuildPhase section */
		AAEBD89F1D3EFBD600FDA2D6 /* Sources */ = {
			isa = PBXSourcesBuildPhase;
			buildActionMask = 2147483647;
			files = (
				AAEBD8AE1D3EFBD600FDA2D6 /* Start.m in Sources */,
				AAEBD8E31D3EFFA500FDA2D6 /* ObjectMapper.m in Sources */,
				AAEBD8EA1D3F019300FDA2D6 /* WebServices.m in Sources */,
				AAEBD8E21D3EFFA500FDA2D6 /* InCodeMappingProvider.m in Sources */,
				AAEBD8ED1D3F019C00FDA2D6 /* Parser.m in Sources */,
				AAEBD8B41D3EFBD600FDA2D6 /* WebServicesExample.xcdatamodeld in Sources */,
				AAEBD8E01D3EFFA500FDA2D6 /* ObjectInstanceProvider.m in Sources */,
				AAEBD8AB1D3EFBD600FDA2D6 /* AppDelegate.m in Sources */,
				AAEBD8F01D3F01C400FDA2D6 /* OCMapperConfig.m in Sources */,
				AAEBD8DE1D3EFFA500FDA2D6 /* NSObject+ObjectMapper.m in Sources */,
				AAEBD8A81D3EFBD600FDA2D6 /* main.m in Sources */,
				AAEBD8E11D3EFFA500FDA2D6 /* CommonLoggingProvider.m in Sources */,
				AAEBD8E71D3F018100FDA2D6 /* Declarations.m in Sources */,
				AAEBD8E41D3EFFA500FDA2D6 /* ObjectMappingInfo.m in Sources */,
				AAEBD8DD1D3EFFA500FDA2D6 /* NSDictionary+ObjectMapper.m in Sources */,
				AAEBD8DF1D3EFFA500FDA2D6 /* ManagedObjectInstanceProvider.m in Sources */,
			);
			runOnlyForDeploymentPostprocessing = 0;
		};
/* End PBXSourcesBuildPhase section */

/* Begin PBXVariantGroup section */
		AAEBD8AF1D3EFBD600FDA2D6 /* Main.storyboard */ = {
			isa = PBXVariantGroup;
			children = (
				AAEBD8B01D3EFBD600FDA2D6 /* Base */,
			);
			name = Main.storyboard;
			sourceTree = "<group>";
		};
		AAEBD8B71D3EFBD600FDA2D6 /* LaunchScreen.storyboard */ = {
			isa = PBXVariantGroup;
			children = (
				AAEBD8B81D3EFBD600FDA2D6 /* Base */,
			);
			name = LaunchScreen.storyboard;
			sourceTree = "<group>";
		};
/* End PBXVariantGroup section */

/* Begin XCBuildConfiguration section */
		AAEBD8BB1D3EFBD600FDA2D6 /* Debug */ = {
			isa = XCBuildConfiguration;
			buildSettings = {
				ALWAYS_SEARCH_USER_PATHS = NO;
				CLANG_ANALYZER_NONNULL = YES;
				CLANG_CXX_LANGUAGE_STANDARD = "gnu++0x";
				CLANG_CXX_LIBRARY = "libc++";
				CLANG_ENABLE_MODULES = YES;
				CLANG_ENABLE_OBJC_ARC = YES;
				CLANG_WARN_BOOL_CONVERSION = YES;
				CLANG_WARN_CONSTANT_CONVERSION = YES;
				CLANG_WARN_DIRECT_OBJC_ISA_USAGE = YES_ERROR;
				CLANG_WARN_EMPTY_BODY = YES;
				CLANG_WARN_ENUM_CONVERSION = YES;
				CLANG_WARN_INT_CONVERSION = YES;
				CLANG_WARN_OBJC_ROOT_CLASS = YES_ERROR;
				CLANG_WARN_UNREACHABLE_CODE = YES;
				CLANG_WARN__DUPLICATE_METHOD_MATCH = YES;
				"CODE_SIGN_IDENTITY[sdk=iphoneos*]" = "iPhone Developer";
				COPY_PHASE_STRIP = NO;
				DEBUG_INFORMATION_FORMAT = dwarf;
				ENABLE_STRICT_OBJC_MSGSEND = YES;
				ENABLE_TESTABILITY = YES;
				GCC_C_LANGUAGE_STANDARD = gnu99;
				GCC_DYNAMIC_NO_PIC = NO;
				GCC_NO_COMMON_BLOCKS = YES;
				GCC_OPTIMIZATION_LEVEL = 0;
				GCC_PREPROCESSOR_DEFINITIONS = (
					"DEBUG=1",
					"$(inherited)",
				);
				GCC_WARN_64_TO_32_BIT_CONVERSION = YES;
				GCC_WARN_ABOUT_RETURN_TYPE = YES_ERROR;
				GCC_WARN_UNDECLARED_SELECTOR = YES;
				GCC_WARN_UNINITIALIZED_AUTOS = YES_AGGRESSIVE;
				GCC_WARN_UNUSED_FUNCTION = YES;
				GCC_WARN_UNUSED_VARIABLE = YES;
				IPHONEOS_DEPLOYMENT_TARGET = 9.3;
				MTL_ENABLE_DEBUG_INFO = YES;
				ONLY_ACTIVE_ARCH = YES;
				SDKROOT = iphoneos;
			};
			name = Debug;
		};
		AAEBD8BC1D3EFBD600FDA2D6 /* Release */ = {
			isa = XCBuildConfiguration;
			buildSettings = {
				ALWAYS_SEARCH_USER_PATHS = NO;
				CLANG_ANALYZER_NONNULL = YES;
				CLANG_CXX_LANGUAGE_STANDARD = "gnu++0x";
				CLANG_CXX_LIBRARY = "libc++";
				CLANG_ENABLE_MODULES = YES;
				CLANG_ENABLE_OBJC_ARC = YES;
				CLANG_WARN_BOOL_CONVERSION = YES;
				CLANG_WARN_CONSTANT_CONVERSION = YES;
				CLANG_WARN_DIRECT_OBJC_ISA_USAGE = YES_ERROR;
				CLANG_WARN_EMPTY_BODY = YES;
				CLANG_WARN_ENUM_CONVERSION = YES;
				CLANG_WARN_INT_CONVERSION = YES;
				CLANG_WARN_OBJC_ROOT_CLASS = YES_ERROR;
				CLANG_WARN_UNREACHABLE_CODE = YES;
				CLANG_WARN__DUPLICATE_METHOD_MATCH = YES;
				"CODE_SIGN_IDENTITY[sdk=iphoneos*]" = "iPhone Developer";
				COPY_PHASE_STRIP = NO;
				DEBUG_INFORMATION_FORMAT = "dwarf-with-dsym";
				ENABLE_NS_ASSERTIONS = NO;
				ENABLE_STRICT_OBJC_MSGSEND = YES;
				GCC_C_LANGUAGE_STANDARD = gnu99;
				GCC_NO_COMMON_BLOCKS = YES;
				GCC_WARN_64_TO_32_BIT_CONVERSION = YES;
				GCC_WARN_ABOUT_RETURN_TYPE = YES_ERROR;
				GCC_WARN_UNDECLARED_SELECTOR = YES;
				GCC_WARN_UNINITIALIZED_AUTOS = YES_AGGRESSIVE;
				GCC_WARN_UNUSED_FUNCTION = YES;
				GCC_WARN_UNUSED_VARIABLE = YES;
				IPHONEOS_DEPLOYMENT_TARGET = 9.3;
				MTL_ENABLE_DEBUG_INFO = NO;
				SDKROOT = iphoneos;
				VALIDATE_PRODUCT = YES;
			};
			name = Release;
		};
		AAEBD8BE1D3EFBD600FDA2D6 /* Debug */ = {
			isa = XCBuildConfiguration;
			buildSettings = {
				ASSETCATALOG_COMPILER_APPICON_NAME = AppIcon;
				INFOPLIST_FILE = WebServicesExample/Info.plist;
				LD_RUNPATH_SEARCH_PATHS = "$(inherited) @executable_path/Frameworks";
				PRODUCT_BUNDLE_IDENTIFIER = com.barragan.WebServicesExample;
				PRODUCT_NAME = "$(TARGET_NAME)";
			};
			name = Debug;
		};
		AAEBD8BF1D3EFBD600FDA2D6 /* Release */ = {
			isa = XCBuildConfiguration;
			buildSettings = {
				ASSETCATALOG_COMPILER_APPICON_NAME = AppIcon;
				INFOPLIST_FILE = WebServicesExample/Info.plist;
				LD_RUNPATH_SEARCH_PATHS = "$(inherited) @executable_path/Frameworks";
				PRODUCT_BUNDLE_IDENTIFIER = com.barragan.WebServicesExample;
				PRODUCT_NAME = "$(TARGET_NAME)";
			};
			name = Release;
		};
/* End XCBuildConfiguration section */

/* Begin XCConfigurationList section */
		AAEBD89E1D3EFBD600FDA2D6 /* Build configuration list for PBXProject "WebServicesExample" */ = {
			isa = XCConfigurationList;
			buildConfigurations = (
				AAEBD8BB1D3EFBD600FDA2D6 /* Debug */,
				AAEBD8BC1D3EFBD600FDA2D6 /* Release */,
			);
			defaultConfigurationIsVisible = 0;
			defaultConfigurationName = Release;
		};
		AAEBD8BD1D3EFBD600FDA2D6 /* Build configuration list for PBXNativeTarget "WebServicesExample" */ = {
			isa = XCConfigurationList;
			buildConfigurations = (
				AAEBD8BE1D3EFBD600FDA2D6 /* Debug */,
				AAEBD8BF1D3EFBD600FDA2D6 /* Release */,
			);
			defaultConfigurationIsVisible = 0;
		};
/* End XCConfigurationList section */

/* Begin XCVersionGroup section */
		AAEBD8B21D3EFBD600FDA2D6 /* WebServicesExample.xcdatamodeld */ = {
			isa = XCVersionGroup;
			children = (
				AAEBD8B31D3EFBD600FDA2D6 /* WebServicesExample.xcdatamodel */,
			);
			currentVersion = AAEBD8B31D3EFBD600FDA2D6 /* WebServicesExample.xcdatamodel */;
			path = WebServicesExample.xcdatamodeld;
			sourceTree = "<group>";
			versionGroupType = wrapper.xcdatamodel;
		};
/* End XCVersionGroup section */
	};
	rootObject = AAEBD89B1D3EFBD600FDA2D6 /* Project object */;
}
